// !$*UTF8*$!
{
	archiveVersion = 1;
	classes = {
	};
	objectVersion = 55;
	objects = {

/* Begin PBXBuildFile section */
		0188EEC4768159AD603EE374 /* Pods_Spotify.framework in Frameworks */ = {isa = PBXBuildFile; fileRef = 1809BB1D239E73570901ACC3 /* Pods_Spotify.framework */; };
		EE408D7C29510E7100AE5CF3 /* PlaylistHeaderCollectionReusableView.swift in Sources */ = {isa = PBXBuildFile; fileRef = EE408D7B29510E7100AE5CF3 /* PlaylistHeaderCollectionReusableView.swift */; };
		EE408D7E2951121D00AE5CF3 /* PlaylistHeaderViewModel.swift in Sources */ = {isa = PBXBuildFile; fileRef = EE408D7D2951121D00AE5CF3 /* PlaylistHeaderViewModel.swift */; };
		EE4621D029B14C560063DA42 /* TitleHeaderCollectionReusableView.swift in Sources */ = {isa = PBXBuildFile; fileRef = EE4621CF29B14C560063DA42 /* TitleHeaderCollectionReusableView.swift */; };
		EEAE6C80293CFF8200A9FB9C /* AppDelegate.swift in Sources */ = {isa = PBXBuildFile; fileRef = EEAE6C7F293CFF8200A9FB9C /* AppDelegate.swift */; };
		EEAE6C82293CFF8200A9FB9C /* SceneDelegate.swift in Sources */ = {isa = PBXBuildFile; fileRef = EEAE6C81293CFF8200A9FB9C /* SceneDelegate.swift */; };
		EEAE6C84293CFF8200A9FB9C /* HomeViewController.swift in Sources */ = {isa = PBXBuildFile; fileRef = EEAE6C83293CFF8200A9FB9C /* HomeViewController.swift */; };
		EEAE6C89293CFF8500A9FB9C /* Assets.xcassets in Resources */ = {isa = PBXBuildFile; fileRef = EEAE6C88293CFF8500A9FB9C /* Assets.xcassets */; };
		EEAE6C8C293CFF8500A9FB9C /* LaunchScreen.storyboard in Resources */ = {isa = PBXBuildFile; fileRef = EEAE6C8A293CFF8500A9FB9C /* LaunchScreen.storyboard */; };
		EEAE6C9A293FC67700A9FB9C /* TabBarViewController.swift in Sources */ = {isa = PBXBuildFile; fileRef = EEAE6C99293FC67700A9FB9C /* TabBarViewController.swift */; };
		EEAE6C9C293FC6A900A9FB9C /* SearchViewController.swift in Sources */ = {isa = PBXBuildFile; fileRef = EEAE6C9B293FC6A900A9FB9C /* SearchViewController.swift */; };
		EEAE6C9E293FC6C000A9FB9C /* LibraryViewController.swift in Sources */ = {isa = PBXBuildFile; fileRef = EEAE6C9D293FC6C000A9FB9C /* LibraryViewController.swift */; };
		EEAE6CA2293FC6F500A9FB9C /* AuthViewController.swift in Sources */ = {isa = PBXBuildFile; fileRef = EEAE6CA1293FC6F500A9FB9C /* AuthViewController.swift */; };
		EEAE6CA4293FC6FF00A9FB9C /* WelcomeViewController.swift in Sources */ = {isa = PBXBuildFile; fileRef = EEAE6CA3293FC6FF00A9FB9C /* WelcomeViewController.swift */; };
		EEAE6CA6293FC70D00A9FB9C /* SettingsViewController.swift in Sources */ = {isa = PBXBuildFile; fileRef = EEAE6CA5293FC70D00A9FB9C /* SettingsViewController.swift */; };
		EEAE6CA8293FC71F00A9FB9C /* ProfileViewController.swift in Sources */ = {isa = PBXBuildFile; fileRef = EEAE6CA7293FC71F00A9FB9C /* ProfileViewController.swift */; };
		EEAE6CAA293FC72700A9FB9C /* PlayerViewController.swift in Sources */ = {isa = PBXBuildFile; fileRef = EEAE6CA9293FC72700A9FB9C /* PlayerViewController.swift */; };
		EEAE6CAC293FC73C00A9FB9C /* PlaylistViewController.swift in Sources */ = {isa = PBXBuildFile; fileRef = EEAE6CAB293FC73C00A9FB9C /* PlaylistViewController.swift */; };
		EEAE6CAE293FC74800A9FB9C /* SearchResultsViewController.swift in Sources */ = {isa = PBXBuildFile; fileRef = EEAE6CAD293FC74800A9FB9C /* SearchResultsViewController.swift */; };
		EEAE6CB0293FC76800A9FB9C /* AuthManager.swift in Sources */ = {isa = PBXBuildFile; fileRef = EEAE6CAF293FC76800A9FB9C /* AuthManager.swift */; };
		EEAE6CB2293FC77200A9FB9C /* APICaller.swift in Sources */ = {isa = PBXBuildFile; fileRef = EEAE6CB1293FC77200A9FB9C /* APICaller.swift */; };
		EEAE6CB4293FC77D00A9FB9C /* HapticsManager.swift in Sources */ = {isa = PBXBuildFile; fileRef = EEAE6CB3293FC77D00A9FB9C /* HapticsManager.swift */; };
		EEAE6CB6293FC79400A9FB9C /* Playlist.swift in Sources */ = {isa = PBXBuildFile; fileRef = EEAE6CB5293FC79400A9FB9C /* Playlist.swift */; };
		EEAE6CB8293FC7A300A9FB9C /* AudioTrack.swift in Sources */ = {isa = PBXBuildFile; fileRef = EEAE6CB7293FC7A300A9FB9C /* AudioTrack.swift */; };
		EEAE6CBA293FC7A900A9FB9C /* Artist.swift in Sources */ = {isa = PBXBuildFile; fileRef = EEAE6CB9293FC7A900A9FB9C /* Artist.swift */; };
		EEAE6CBC293FC7C700A9FB9C /* UserProfile.swift in Sources */ = {isa = PBXBuildFile; fileRef = EEAE6CBB293FC7C700A9FB9C /* UserProfile.swift */; };
		EEAE6CBE293FE68E00A9FB9C /* Extensions.swift in Sources */ = {isa = PBXBuildFile; fileRef = EEAE6CBD293FE68E00A9FB9C /* Extensions.swift */; };
		EEAE6CC02941387B00A9FB9C /* AuthResponse.swift in Sources */ = {isa = PBXBuildFile; fileRef = EEAE6CBF2941387B00A9FB9C /* AuthResponse.swift */; };
		EEAE6CC22946312000A9FB9C /* SettingsModels.swift in Sources */ = {isa = PBXBuildFile; fileRef = EEAE6CC12946312000A9FB9C /* SettingsModels.swift */; };
		EEE87BC129465E6300AC6BFA /* NewReleasesResponse.swift in Sources */ = {isa = PBXBuildFile; fileRef = EEE87BC029465E6300AC6BFA /* NewReleasesResponse.swift */; };
		EEE87BC329465FB300AC6BFA /* APIImage.swift in Sources */ = {isa = PBXBuildFile; fileRef = EEE87BC229465FB300AC6BFA /* APIImage.swift */; };
		EEE87BC52949270D00AC6BFA /* FeaturedPlaylistsResponse.swift in Sources */ = {isa = PBXBuildFile; fileRef = EEE87BC42949270D00AC6BFA /* FeaturedPlaylistsResponse.swift */; };
		EEE87BC7294A63A500AC6BFA /* RecommendedGenresResponse.swift in Sources */ = {isa = PBXBuildFile; fileRef = EEE87BC6294A63A500AC6BFA /* RecommendedGenresResponse.swift */; };
		EEE87BC9294A672300AC6BFA /* RecommendationsResponse.swift in Sources */ = {isa = PBXBuildFile; fileRef = EEE87BC8294A672300AC6BFA /* RecommendationsResponse.swift */; };
		EEE87BCB294A67FC00AC6BFA /* Album.swift in Sources */ = {isa = PBXBuildFile; fileRef = EEE87BCA294A67FC00AC6BFA /* Album.swift */; };
		EEE87BCE294A7BA100AC6BFA /* NewReleaseCollectionViewCell.swift in Sources */ = {isa = PBXBuildFile; fileRef = EEE87BCD294A7BA100AC6BFA /* NewReleaseCollectionViewCell.swift */; };
		EEE87BD0294A7BC400AC6BFA /* FeaturedPlaylistCollectionViewCell.swift in Sources */ = {isa = PBXBuildFile; fileRef = EEE87BCF294A7BC400AC6BFA /* FeaturedPlaylistCollectionViewCell.swift */; };
		EEE87BD2294A7BE600AC6BFA /* RecommendedTrackCollectionViewCell.swift in Sources */ = {isa = PBXBuildFile; fileRef = EEE87BD1294A7BE600AC6BFA /* RecommendedTrackCollectionViewCell.swift */; };
		EEE87BD4294A805700AC6BFA /* NewReleasesCellViewModel.swift in Sources */ = {isa = PBXBuildFile; fileRef = EEE87BD3294A805700AC6BFA /* NewReleasesCellViewModel.swift */; };
		EEE87BD6294BC72B00AC6BFA /* FeaturedPlaylistCellViewModel.swift in Sources */ = {isa = PBXBuildFile; fileRef = EEE87BD5294BC72B00AC6BFA /* FeaturedPlaylistCellViewModel.swift */; };
		EEE87BD8294BC76A00AC6BFA /* RecommendedTrackCellViewModel.swift in Sources */ = {isa = PBXBuildFile; fileRef = EEE87BD7294BC76A00AC6BFA /* RecommendedTrackCellViewModel.swift */; };
		EEE87BDA294E16A900AC6BFA /* AlbumViewController.swift in Sources */ = {isa = PBXBuildFile; fileRef = EEE87BD9294E16A900AC6BFA /* AlbumViewController.swift */; };
		EEE87BDC294E1E5800AC6BFA /* AlbumDetailsResponse.swift in Sources */ = {isa = PBXBuildFile; fileRef = EEE87BDB294E1E5800AC6BFA /* AlbumDetailsResponse.swift */; };
		EEE87BDE294E225600AC6BFA /* PlaylistDetailsResponse.swift in Sources */ = {isa = PBXBuildFile; fileRef = EEE87BDD294E225600AC6BFA /* PlaylistDetailsResponse.swift */; };
/* End PBXBuildFile section */

/* Begin PBXFileReference section */
		08366EF9F211973D78E38E8F /* Pods-Spotify.release.xcconfig */ = {isa = PBXFileReference; includeInIndex = 1; lastKnownFileType = text.xcconfig; name = "Pods-Spotify.release.xcconfig"; path = "Target Support Files/Pods-Spotify/Pods-Spotify.release.xcconfig"; sourceTree = "<group>"; };
		1809BB1D239E73570901ACC3 /* Pods_Spotify.framework */ = {isa = PBXFileReference; explicitFileType = wrapper.framework; includeInIndex = 0; path = Pods_Spotify.framework; sourceTree = BUILT_PRODUCTS_DIR; };
		8096EEEF1F70576707BA7468 /* Pods-Spotify.debug.xcconfig */ = {isa = PBXFileReference; includeInIndex = 1; lastKnownFileType = text.xcconfig; name = "Pods-Spotify.debug.xcconfig"; path = "Target Support Files/Pods-Spotify/Pods-Spotify.debug.xcconfig"; sourceTree = "<group>"; };
		EE408D7B29510E7100AE5CF3 /* PlaylistHeaderCollectionReusableView.swift */ = {isa = PBXFileReference; lastKnownFileType = sourcecode.swift; path = PlaylistHeaderCollectionReusableView.swift; sourceTree = "<group>"; };
		EE408D7D2951121D00AE5CF3 /* PlaylistHeaderViewModel.swift */ = {isa = PBXFileReference; lastKnownFileType = sourcecode.swift; path = PlaylistHeaderViewModel.swift; sourceTree = "<group>"; };
		EE4621CF29B14C560063DA42 /* TitleHeaderCollectionReusableView.swift */ = {isa = PBXFileReference; lastKnownFileType = sourcecode.swift; path = TitleHeaderCollectionReusableView.swift; sourceTree = "<group>"; };
		EEAE6C7C293CFF8200A9FB9C /* Spotify.app */ = {isa = PBXFileReference; explicitFileType = wrapper.application; includeInIndex = 0; path = Spotify.app; sourceTree = BUILT_PRODUCTS_DIR; };
		EEAE6C7F293CFF8200A9FB9C /* AppDelegate.swift */ = {isa = PBXFileReference; lastKnownFileType = sourcecode.swift; path = AppDelegate.swift; sourceTree = "<group>"; };
		EEAE6C81293CFF8200A9FB9C /* SceneDelegate.swift */ = {isa = PBXFileReference; lastKnownFileType = sourcecode.swift; path = SceneDelegate.swift; sourceTree = "<group>"; };
		EEAE6C83293CFF8200A9FB9C /* HomeViewController.swift */ = {isa = PBXFileReference; lastKnownFileType = sourcecode.swift; path = HomeViewController.swift; sourceTree = "<group>"; };
		EEAE6C88293CFF8500A9FB9C /* Assets.xcassets */ = {isa = PBXFileReference; lastKnownFileType = folder.assetcatalog; path = Assets.xcassets; sourceTree = "<group>"; };
		EEAE6C8B293CFF8500A9FB9C /* Base */ = {isa = PBXFileReference; lastKnownFileType = file.storyboard; name = Base; path = Base.lproj/LaunchScreen.storyboard; sourceTree = "<group>"; };
		EEAE6C8D293CFF8500A9FB9C /* Info.plist */ = {isa = PBXFileReference; lastKnownFileType = text.plist.xml; path = Info.plist; sourceTree = "<group>"; };
		EEAE6C99293FC67700A9FB9C /* TabBarViewController.swift */ = {isa = PBXFileReference; lastKnownFileType = sourcecode.swift; path = TabBarViewController.swift; sourceTree = "<group>"; };
		EEAE6C9B293FC6A900A9FB9C /* SearchViewController.swift */ = {isa = PBXFileReference; lastKnownFileType = sourcecode.swift; path = SearchViewController.swift; sourceTree = "<group>"; };
		EEAE6C9D293FC6C000A9FB9C /* LibraryViewController.swift */ = {isa = PBXFileReference; lastKnownFileType = sourcecode.swift; path = LibraryViewController.swift; sourceTree = "<group>"; };
		EEAE6CA1293FC6F500A9FB9C /* AuthViewController.swift */ = {isa = PBXFileReference; lastKnownFileType = sourcecode.swift; path = AuthViewController.swift; sourceTree = "<group>"; };
		EEAE6CA3293FC6FF00A9FB9C /* WelcomeViewController.swift */ = {isa = PBXFileReference; lastKnownFileType = sourcecode.swift; path = WelcomeViewController.swift; sourceTree = "<group>"; };
		EEAE6CA5293FC70D00A9FB9C /* SettingsViewController.swift */ = {isa = PBXFileReference; lastKnownFileType = sourcecode.swift; path = SettingsViewController.swift; sourceTree = "<group>"; };
		EEAE6CA7293FC71F00A9FB9C /* ProfileViewController.swift */ = {isa = PBXFileReference; lastKnownFileType = sourcecode.swift; path = ProfileViewController.swift; sourceTree = "<group>"; };
		EEAE6CA9293FC72700A9FB9C /* PlayerViewController.swift */ = {isa = PBXFileReference; lastKnownFileType = sourcecode.swift; path = PlayerViewController.swift; sourceTree = "<group>"; };
		EEAE6CAB293FC73C00A9FB9C /* PlaylistViewController.swift */ = {isa = PBXFileReference; lastKnownFileType = sourcecode.swift; path = PlaylistViewController.swift; sourceTree = "<group>"; };
		EEAE6CAD293FC74800A9FB9C /* SearchResultsViewController.swift */ = {isa = PBXFileReference; lastKnownFileType = sourcecode.swift; path = SearchResultsViewController.swift; sourceTree = "<group>"; };
		EEAE6CAF293FC76800A9FB9C /* AuthManager.swift */ = {isa = PBXFileReference; lastKnownFileType = sourcecode.swift; path = AuthManager.swift; sourceTree = "<group>"; };
		EEAE6CB1293FC77200A9FB9C /* APICaller.swift */ = {isa = PBXFileReference; lastKnownFileType = sourcecode.swift; path = APICaller.swift; sourceTree = "<group>"; };
		EEAE6CB3293FC77D00A9FB9C /* HapticsManager.swift */ = {isa = PBXFileReference; lastKnownFileType = sourcecode.swift; path = HapticsManager.swift; sourceTree = "<group>"; };
		EEAE6CB5293FC79400A9FB9C /* Playlist.swift */ = {isa = PBXFileReference; lastKnownFileType = sourcecode.swift; path = Playlist.swift; sourceTree = "<group>"; };
		EEAE6CB7293FC7A300A9FB9C /* AudioTrack.swift */ = {isa = PBXFileReference; lastKnownFileType = sourcecode.swift; path = AudioTrack.swift; sourceTree = "<group>"; };
		EEAE6CB9293FC7A900A9FB9C /* Artist.swift */ = {isa = PBXFileReference; lastKnownFileType = sourcecode.swift; path = Artist.swift; sourceTree = "<group>"; };
		EEAE6CBB293FC7C700A9FB9C /* UserProfile.swift */ = {isa = PBXFileReference; lastKnownFileType = sourcecode.swift; path = UserProfile.swift; sourceTree = "<group>"; };
		EEAE6CBD293FE68E00A9FB9C /* Extensions.swift */ = {isa = PBXFileReference; lastKnownFileType = sourcecode.swift; path = Extensions.swift; sourceTree = "<group>"; };
		EEAE6CBF2941387B00A9FB9C /* AuthResponse.swift */ = {isa = PBXFileReference; lastKnownFileType = sourcecode.swift; path = AuthResponse.swift; sourceTree = "<group>"; };
		EEAE6CC12946312000A9FB9C /* SettingsModels.swift */ = {isa = PBXFileReference; lastKnownFileType = sourcecode.swift; path = SettingsModels.swift; sourceTree = "<group>"; };
		EEE87BC029465E6300AC6BFA /* NewReleasesResponse.swift */ = {isa = PBXFileReference; lastKnownFileType = sourcecode.swift; path = NewReleasesResponse.swift; sourceTree = "<group>"; };
		EEE87BC229465FB300AC6BFA /* APIImage.swift */ = {isa = PBXFileReference; lastKnownFileType = sourcecode.swift; path = APIImage.swift; sourceTree = "<group>"; };
		EEE87BC42949270D00AC6BFA /* FeaturedPlaylistsResponse.swift */ = {isa = PBXFileReference; lastKnownFileType = sourcecode.swift; path = FeaturedPlaylistsResponse.swift; sourceTree = "<group>"; };
		EEE87BC6294A63A500AC6BFA /* RecommendedGenresResponse.swift */ = {isa = PBXFileReference; lastKnownFileType = sourcecode.swift; path = RecommendedGenresResponse.swift; sourceTree = "<group>"; };
		EEE87BC8294A672300AC6BFA /* RecommendationsResponse.swift */ = {isa = PBXFileReference; lastKnownFileType = sourcecode.swift; path = RecommendationsResponse.swift; sourceTree = "<group>"; };
		EEE87BCA294A67FC00AC6BFA /* Album.swift */ = {isa = PBXFileReference; lastKnownFileType = sourcecode.swift; path = Album.swift; sourceTree = "<group>"; };
		EEE87BCD294A7BA100AC6BFA /* NewReleaseCollectionViewCell.swift */ = {isa = PBXFileReference; lastKnownFileType = sourcecode.swift; path = NewReleaseCollectionViewCell.swift; sourceTree = "<group>"; };
		EEE87BCF294A7BC400AC6BFA /* FeaturedPlaylistCollectionViewCell.swift */ = {isa = PBXFileReference; lastKnownFileType = sourcecode.swift; path = FeaturedPlaylistCollectionViewCell.swift; sourceTree = "<group>"; };
		EEE87BD1294A7BE600AC6BFA /* RecommendedTrackCollectionViewCell.swift */ = {isa = PBXFileReference; lastKnownFileType = sourcecode.swift; path = RecommendedTrackCollectionViewCell.swift; sourceTree = "<group>"; };
		EEE87BD3294A805700AC6BFA /* NewReleasesCellViewModel.swift */ = {isa = PBXFileReference; lastKnownFileType = sourcecode.swift; path = NewReleasesCellViewModel.swift; sourceTree = "<group>"; };
		EEE87BD5294BC72B00AC6BFA /* FeaturedPlaylistCellViewModel.swift */ = {isa = PBXFileReference; lastKnownFileType = sourcecode.swift; path = FeaturedPlaylistCellViewModel.swift; sourceTree = "<group>"; };
		EEE87BD7294BC76A00AC6BFA /* RecommendedTrackCellViewModel.swift */ = {isa = PBXFileReference; lastKnownFileType = sourcecode.swift; path = RecommendedTrackCellViewModel.swift; sourceTree = "<group>"; };
		EEE87BD9294E16A900AC6BFA /* AlbumViewController.swift */ = {isa = PBXFileReference; lastKnownFileType = sourcecode.swift; path = AlbumViewController.swift; sourceTree = "<group>"; };
		EEE87BDB294E1E5800AC6BFA /* AlbumDetailsResponse.swift */ = {isa = PBXFileReference; lastKnownFileType = sourcecode.swift; path = AlbumDetailsResponse.swift; sourceTree = "<group>"; };
		EEE87BDD294E225600AC6BFA /* PlaylistDetailsResponse.swift */ = {isa = PBXFileReference; lastKnownFileType = sourcecode.swift; path = PlaylistDetailsResponse.swift; sourceTree = "<group>"; };
/* End PBXFileReference section */

/* Begin PBXFrameworksBuildPhase section */
		EEAE6C79293CFF8200A9FB9C /* Frameworks */ = {
			isa = PBXFrameworksBuildPhase;
			buildActionMask = 2147483647;
			files = (
				0188EEC4768159AD603EE374 /* Pods_Spotify.framework in Frameworks */,
			);
			runOnlyForDeploymentPostprocessing = 0;
		};
/* End PBXFrameworksBuildPhase section */

/* Begin PBXGroup section */
		2CD19021C44044929CB01B47 /* Frameworks */ = {
			isa = PBXGroup;
			children = (
				1809BB1D239E73570901ACC3 /* Pods_Spotify.framework */,
			);
			name = Frameworks;
			sourceTree = "<group>";
		};
		EC0AD4CA0C652D9AB7DA5BF6 /* Pods */ = {
			isa = PBXGroup;
			children = (
				8096EEEF1F70576707BA7468 /* Pods-Spotify.debug.xcconfig */,
				08366EF9F211973D78E38E8F /* Pods-Spotify.release.xcconfig */,
			);
			path = Pods;
			sourceTree = "<group>";
		};
		EEAE6C73293CFF8200A9FB9C = {
			isa = PBXGroup;
			children = (
				EEAE6C7E293CFF8200A9FB9C /* Spotify */,
				EEAE6C7D293CFF8200A9FB9C /* Products */,
				EC0AD4CA0C652D9AB7DA5BF6 /* Pods */,
				2CD19021C44044929CB01B47 /* Frameworks */,
			);
			sourceTree = "<group>";
		};
		EEAE6C7D293CFF8200A9FB9C /* Products */ = {
			isa = PBXGroup;
			children = (
				EEAE6C7C293CFF8200A9FB9C /* Spotify.app */,
			);
			name = Products;
			sourceTree = "<group>";
		};
		EEAE6C7E293CFF8200A9FB9C /* Spotify */ = {
			isa = PBXGroup;
			children = (
				EEAE6C98293D000000A9FB9C /* Resources */,
				EEAE6C97293CFFF800A9FB9C /* Managers */,
				EEAE6C96293CFFED00A9FB9C /* ViewModels */,
				EEAE6C95293CFFE700A9FB9C /* Models */,
				EEAE6C94293CFFE200A9FB9C /* Views */,
				EEAE6C93293CFFD900A9FB9C /* Controllers */,
				EEAE6C8D293CFF8500A9FB9C /* Info.plist */,
			);
			path = Spotify;
			sourceTree = "<group>";
		};
		EEAE6C93293CFFD900A9FB9C /* Controllers */ = {
			isa = PBXGroup;
			children = (
				EEAE6CA0293FC6DE00A9FB9C /* Other */,
				EEAE6C9F293FC6D100A9FB9C /* Core */,
			);
			path = Controllers;
			sourceTree = "<group>";
		};
		EEAE6C94293CFFE200A9FB9C /* Views */ = {
			isa = PBXGroup;
			children = (
				EEE87BCC294A7B7E00AC6BFA /* Browse */,
				EEAE6C8A293CFF8500A9FB9C /* LaunchScreen.storyboard */,
				EE408D7B29510E7100AE5CF3 /* PlaylistHeaderCollectionReusableView.swift */,
				EE4621CF29B14C560063DA42 /* TitleHeaderCollectionReusableView.swift */,
			);
			path = Views;
			sourceTree = "<group>";
		};
		EEAE6C95293CFFE700A9FB9C /* Models */ = {
			isa = PBXGroup;
			children = (
				EEAE6CB5293FC79400A9FB9C /* Playlist.swift */,
				EEAE6CB7293FC7A300A9FB9C /* AudioTrack.swift */,
				EEE87BCA294A67FC00AC6BFA /* Album.swift */,
				EEAE6CB9293FC7A900A9FB9C /* Artist.swift */,
				EEAE6CBB293FC7C700A9FB9C /* UserProfile.swift */,
				EEE87BC229465FB300AC6BFA /* APIImage.swift */,
				EEAE6CBF2941387B00A9FB9C /* AuthResponse.swift */,
				EEAE6CC12946312000A9FB9C /* SettingsModels.swift */,
				EEE87BC029465E6300AC6BFA /* NewReleasesResponse.swift */,
				EEE87BC42949270D00AC6BFA /* FeaturedPlaylistsResponse.swift */,
				EEE87BC6294A63A500AC6BFA /* RecommendedGenresResponse.swift */,
				EEE87BC8294A672300AC6BFA /* RecommendationsResponse.swift */,
				EEE87BDB294E1E5800AC6BFA /* AlbumDetailsResponse.swift */,
				EEE87BDD294E225600AC6BFA /* PlaylistDetailsResponse.swift */,
			);
			path = Models;
			sourceTree = "<group>";
		};
		EEAE6C96293CFFED00A9FB9C /* ViewModels */ = {
			isa = PBXGroup;
			children = (
				EEE87BD3294A805700AC6BFA /* NewReleasesCellViewModel.swift */,
				EEE87BD5294BC72B00AC6BFA /* FeaturedPlaylistCellViewModel.swift */,
				EEE87BD7294BC76A00AC6BFA /* RecommendedTrackCellViewModel.swift */,
				EE408D7D2951121D00AE5CF3 /* PlaylistHeaderViewModel.swift */,
			);
			path = ViewModels;
			sourceTree = "<group>";
		};
		EEAE6C97293CFFF800A9FB9C /* Managers */ = {
			isa = PBXGroup;
			children = (
				EEAE6CAF293FC76800A9FB9C /* AuthManager.swift */,
				EEAE6CB1293FC77200A9FB9C /* APICaller.swift */,
				EEAE6CB3293FC77D00A9FB9C /* HapticsManager.swift */,
			);
			path = Managers;
			sourceTree = "<group>";
		};
		EEAE6C98293D000000A9FB9C /* Resources */ = {
			isa = PBXGroup;
			children = (
				EEAE6C88293CFF8500A9FB9C /* Assets.xcassets */,
				EEAE6C7F293CFF8200A9FB9C /* AppDelegate.swift */,
				EEAE6C81293CFF8200A9FB9C /* SceneDelegate.swift */,
				EEAE6CBD293FE68E00A9FB9C /* Extensions.swift */,
			);
			path = Resources;
			sourceTree = "<group>";
		};
		EEAE6C9F293FC6D100A9FB9C /* Core */ = {
			isa = PBXGroup;
			children = (
				EEAE6C99293FC67700A9FB9C /* TabBarViewController.swift */,
				EEAE6C83293CFF8200A9FB9C /* HomeViewController.swift */,
				EEAE6C9B293FC6A900A9FB9C /* SearchViewController.swift */,
				EEAE6C9D293FC6C000A9FB9C /* LibraryViewController.swift */,
			);
			path = Core;
			sourceTree = "<group>";
		};
		EEAE6CA0293FC6DE00A9FB9C /* Other */ = {
			isa = PBXGroup;
			children = (
				EEAE6CA1293FC6F500A9FB9C /* AuthViewController.swift */,
				EEAE6CA3293FC6FF00A9FB9C /* WelcomeViewController.swift */,
				EEAE6CA5293FC70D00A9FB9C /* SettingsViewController.swift */,
				EEAE6CA7293FC71F00A9FB9C /* ProfileViewController.swift */,
				EEAE6CA9293FC72700A9FB9C /* PlayerViewController.swift */,
				EEAE6CAD293FC74800A9FB9C /* SearchResultsViewController.swift */,
				EEE87BD9294E16A900AC6BFA /* AlbumViewController.swift */,
				EEAE6CAB293FC73C00A9FB9C /* PlaylistViewController.swift */,
			);
			path = Other;
			sourceTree = "<group>";
		};
		EEE87BCC294A7B7E00AC6BFA /* Browse */ = {
			isa = PBXGroup;
			children = (
				EEE87BCD294A7BA100AC6BFA /* NewReleaseCollectionViewCell.swift */,
				EEE87BCF294A7BC400AC6BFA /* FeaturedPlaylistCollectionViewCell.swift */,
				EEE87BD1294A7BE600AC6BFA /* RecommendedTrackCollectionViewCell.swift */,
			);
			path = Browse;
			sourceTree = "<group>";
		};
/* End PBXGroup section */

/* Begin PBXNativeTarget section */
		EEAE6C7B293CFF8200A9FB9C /* Spotify */ = {
			isa = PBXNativeTarget;
			buildConfigurationList = EEAE6C90293CFF8500A9FB9C /* Build configuration list for PBXNativeTarget "Spotify" */;
			buildPhases = (
				6B55080D45764174E8A89D4C /* [CP] Check Pods Manifest.lock */,
				EEAE6C78293CFF8200A9FB9C /* Sources */,
				EEAE6C79293CFF8200A9FB9C /* Frameworks */,
				EEAE6C7A293CFF8200A9FB9C /* Resources */,
				884B4561E445B601FBA2ACA7 /* [CP] Embed Pods Frameworks */,
			);
			buildRules = (
			);
			dependencies = (
			);
			name = Spotify;
			productName = Spotify;
			productReference = EEAE6C7C293CFF8200A9FB9C /* Spotify.app */;
			productType = "com.apple.product-type.application";
		};
/* End PBXNativeTarget section */

/* Begin PBXProject section */
		EEAE6C74293CFF8200A9FB9C /* Project object */ = {
			isa = PBXProject;
			attributes = {
				BuildIndependentTargetsInParallel = 1;
				LastSwiftUpdateCheck = 1400;
				LastUpgradeCheck = 1400;
				TargetAttributes = {
					EEAE6C7B293CFF8200A9FB9C = {
						CreatedOnToolsVersion = 14.0.1;
					};
				};
			};
			buildConfigurationList = EEAE6C77293CFF8200A9FB9C /* Build configuration list for PBXProject "Spotify" */;
			compatibilityVersion = "Xcode 13.0";
			developmentRegion = en;
			hasScannedForEncodings = 0;
			knownRegions = (
				en,
				Base,
			);
			mainGroup = EEAE6C73293CFF8200A9FB9C;
			productRefGroup = EEAE6C7D293CFF8200A9FB9C /* Products */;
			projectDirPath = "";
			projectRoot = "";
			targets = (
				EEAE6C7B293CFF8200A9FB9C /* Spotify */,
			);
		};
/* End PBXProject section */

/* Begin PBXResourcesBuildPhase section */
		EEAE6C7A293CFF8200A9FB9C /* Resources */ = {
			isa = PBXResourcesBuildPhase;
			buildActionMask = 2147483647;
			files = (
				EEAE6C8C293CFF8500A9FB9C /* LaunchScreen.storyboard in Resources */,
				EEAE6C89293CFF8500A9FB9C /* Assets.xcassets in Resources */,
			);
			runOnlyForDeploymentPostprocessing = 0;
		};
/* End PBXResourcesBuildPhase section */

/* Begin PBXShellScriptBuildPhase section */
		6B55080D45764174E8A89D4C /* [CP] Check Pods Manifest.lock */ = {
			isa = PBXShellScriptBuildPhase;
			buildActionMask = 2147483647;
			files = (
			);
			inputFileListPaths = (
			);
			inputPaths = (
				"${PODS_PODFILE_DIR_PATH}/Podfile.lock",
				"${PODS_ROOT}/Manifest.lock",
			);
			name = "[CP] Check Pods Manifest.lock";
			outputFileListPaths = (
			);
			outputPaths = (
				"$(DERIVED_FILE_DIR)/Pods-Spotify-checkManifestLockResult.txt",
			);
			runOnlyForDeploymentPostprocessing = 0;
			shellPath = /bin/sh;
			shellScript = "diff \"${PODS_PODFILE_DIR_PATH}/Podfile.lock\" \"${PODS_ROOT}/Manifest.lock\" > /dev/null\nif [ $? != 0 ] ; then\n    # print error to STDERR\n    echo \"error: The sandbox is not in sync with the Podfile.lock. Run 'pod install' or update your CocoaPods installation.\" >&2\n    exit 1\nfi\n# This output is used by Xcode 'outputs' to avoid re-running this script phase.\necho \"SUCCESS\" > \"${SCRIPT_OUTPUT_FILE_0}\"\n";
			showEnvVarsInLog = 0;
		};
		884B4561E445B601FBA2ACA7 /* [CP] Embed Pods Frameworks */ = {
			isa = PBXShellScriptBuildPhase;
			buildActionMask = 2147483647;
			files = (
			);
			inputFileListPaths = (
				"${PODS_ROOT}/Target Support Files/Pods-Spotify/Pods-Spotify-frameworks-${CONFIGURATION}-input-files.xcfilelist",
			);
			name = "[CP] Embed Pods Frameworks";
			outputFileListPaths = (
				"${PODS_ROOT}/Target Support Files/Pods-Spotify/Pods-Spotify-frameworks-${CONFIGURATION}-output-files.xcfilelist",
			);
			runOnlyForDeploymentPostprocessing = 0;
			shellPath = /bin/sh;
			shellScript = "\"${PODS_ROOT}/Target Support Files/Pods-Spotify/Pods-Spotify-frameworks.sh\"\n";
			showEnvVarsInLog = 0;
		};
/* End PBXShellScriptBuildPhase section */

/* Begin PBXSourcesBuildPhase section */
		EEAE6C78293CFF8200A9FB9C /* Sources */ = {
			isa = PBXSourcesBuildPhase;
			buildActionMask = 2147483647;
			files = (
				EEE87BD4294A805700AC6BFA /* NewReleasesCellViewModel.swift in Sources */,
				EEAE6CB8293FC7A300A9FB9C /* AudioTrack.swift in Sources */,
				EEE87BCE294A7BA100AC6BFA /* NewReleaseCollectionViewCell.swift in Sources */,
				EEE87BD2294A7BE600AC6BFA /* RecommendedTrackCollectionViewCell.swift in Sources */,
				EEE87BD8294BC76A00AC6BFA /* RecommendedTrackCellViewModel.swift in Sources */,
				EEE87BD6294BC72B00AC6BFA /* FeaturedPlaylistCellViewModel.swift in Sources */,
				EEAE6C9C293FC6A900A9FB9C /* SearchViewController.swift in Sources */,
				EEE87BCB294A67FC00AC6BFA /* Album.swift in Sources */,
				EEAE6CB6293FC79400A9FB9C /* Playlist.swift in Sources */,
				EEAE6CB0293FC76800A9FB9C /* AuthManager.swift in Sources */,
				EEE87BC52949270D00AC6BFA /* FeaturedPlaylistsResponse.swift in Sources */,
				EEAE6CAE293FC74800A9FB9C /* SearchResultsViewController.swift in Sources */,
				EEE87BDA294E16A900AC6BFA /* AlbumViewController.swift in Sources */,
				EEAE6CA4293FC6FF00A9FB9C /* WelcomeViewController.swift in Sources */,
				EEAE6CA8293FC71F00A9FB9C /* ProfileViewController.swift in Sources */,
				EEE87BDE294E225600AC6BFA /* PlaylistDetailsResponse.swift in Sources */,
				EEAE6C9A293FC67700A9FB9C /* TabBarViewController.swift in Sources */,
				EEAE6CC02941387B00A9FB9C /* AuthResponse.swift in Sources */,
				EE4621D029B14C560063DA42 /* TitleHeaderCollectionReusableView.swift in Sources */,
				EEE87BC129465E6300AC6BFA /* NewReleasesResponse.swift in Sources */,
				EEE87BC9294A672300AC6BFA /* RecommendationsResponse.swift in Sources */,
				EEE87BC329465FB300AC6BFA /* APIImage.swift in Sources */,
				EEAE6CB4293FC77D00A9FB9C /* HapticsManager.swift in Sources */,
				EEAE6C84293CFF8200A9FB9C /* HomeViewController.swift in Sources */,
				EE408D7C29510E7100AE5CF3 /* PlaylistHeaderCollectionReusableView.swift in Sources */,
				EEE87BDC294E1E5800AC6BFA /* AlbumDetailsResponse.swift in Sources */,
				EEAE6CA2293FC6F500A9FB9C /* AuthViewController.swift in Sources */,
				EEAE6C80293CFF8200A9FB9C /* AppDelegate.swift in Sources */,
				EEAE6CBC293FC7C700A9FB9C /* UserProfile.swift in Sources */,
				EEE87BD0294A7BC400AC6BFA /* FeaturedPlaylistCollectionViewCell.swift in Sources */,
				EEAE6CBE293FE68E00A9FB9C /* Extensions.swift in Sources */,
				EEAE6C9E293FC6C000A9FB9C /* LibraryViewController.swift in Sources */,
				EE408D7E2951121D00AE5CF3 /* PlaylistHeaderViewModel.swift in Sources */,
				EEAE6CBA293FC7A900A9FB9C /* Artist.swift in Sources */,
				EEAE6CC22946312000A9FB9C /* SettingsModels.swift in Sources */,
				EEAE6CAC293FC73C00A9FB9C /* PlaylistViewController.swift in Sources */,
				EEAE6C82293CFF8200A9FB9C /* SceneDelegate.swift in Sources */,
				EEAE6CAA293FC72700A9FB9C /* PlayerViewController.swift in Sources */,
				EEAE6CB2293FC77200A9FB9C /* APICaller.swift in Sources */,
				EEAE6CA6293FC70D00A9FB9C /* SettingsViewController.swift in Sources */,
				EEE87BC7294A63A500AC6BFA /* RecommendedGenresResponse.swift in Sources */,
			);
			runOnlyForDeploymentPostprocessing = 0;
		};
/* End PBXSourcesBuildPhase section */

/* Begin PBXVariantGroup section */
		EEAE6C8A293CFF8500A9FB9C /* LaunchScreen.storyboard */ = {
			isa = PBXVariantGroup;
			children = (
				EEAE6C8B293CFF8500A9FB9C /* Base */,
			);
			name = LaunchScreen.storyboard;
			sourceTree = "<group>";
		};
/* End PBXVariantGroup section */

/* Begin XCBuildConfiguration section */
		EEAE6C8E293CFF8500A9FB9C /* Debug */ = {
			isa = XCBuildConfiguration;
			buildSettings = {
				ALWAYS_SEARCH_USER_PATHS = NO;
				CLANG_ANALYZER_NONNULL = YES;
				CLANG_ANALYZER_NUMBER_OBJECT_CONVERSION = YES_AGGRESSIVE;
				CLANG_CXX_LANGUAGE_STANDARD = "gnu++20";
				CLANG_ENABLE_MODULES = YES;
				CLANG_ENABLE_OBJC_ARC = YES;
				CLANG_ENABLE_OBJC_WEAK = YES;
				CLANG_WARN_BLOCK_CAPTURE_AUTORELEASING = YES;
				CLANG_WARN_BOOL_CONVERSION = YES;
				CLANG_WARN_COMMA = YES;
				CLANG_WARN_CONSTANT_CONVERSION = YES;
				CLANG_WARN_DEPRECATED_OBJC_IMPLEMENTATIONS = YES;
				CLANG_WARN_DIRECT_OBJC_ISA_USAGE = YES_ERROR;
				CLANG_WARN_DOCUMENTATION_COMMENTS = YES;
				CLANG_WARN_EMPTY_BODY = YES;
				CLANG_WARN_ENUM_CONVERSION = YES;
				CLANG_WARN_INFINITE_RECURSION = YES;
				CLANG_WARN_INT_CONVERSION = YES;
				CLANG_WARN_NON_LITERAL_NULL_CONVERSION = YES;
				CLANG_WARN_OBJC_IMPLICIT_RETAIN_SELF = YES;
				CLANG_WARN_OBJC_LITERAL_CONVERSION = YES;
				CLANG_WARN_OBJC_ROOT_CLASS = YES_ERROR;
				CLANG_WARN_QUOTED_INCLUDE_IN_FRAMEWORK_HEADER = YES;
				CLANG_WARN_RANGE_LOOP_ANALYSIS = YES;
				CLANG_WARN_STRICT_PROTOTYPES = YES;
				CLANG_WARN_SUSPICIOUS_MOVE = YES;
				CLANG_WARN_UNGUARDED_AVAILABILITY = YES_AGGRESSIVE;
				CLANG_WARN_UNREACHABLE_CODE = YES;
				CLANG_WARN__DUPLICATE_METHOD_MATCH = YES;
				COPY_PHASE_STRIP = NO;
				DEBUG_INFORMATION_FORMAT = dwarf;
				ENABLE_STRICT_OBJC_MSGSEND = YES;
				ENABLE_TESTABILITY = YES;
				GCC_C_LANGUAGE_STANDARD = gnu11;
				GCC_DYNAMIC_NO_PIC = NO;
				GCC_NO_COMMON_BLOCKS = YES;
				GCC_OPTIMIZATION_LEVEL = 0;
				GCC_PREPROCESSOR_DEFINITIONS = (
					"DEBUG=1",
					"$(inherited)",
				);
				GCC_WARN_64_TO_32_BIT_CONVERSION = YES;
				GCC_WARN_ABOUT_RETURN_TYPE = YES_ERROR;
				GCC_WARN_UNDECLARED_SELECTOR = YES;
				GCC_WARN_UNINITIALIZED_AUTOS = YES_AGGRESSIVE;
				GCC_WARN_UNUSED_FUNCTION = YES;
				GCC_WARN_UNUSED_VARIABLE = YES;
				IPHONEOS_DEPLOYMENT_TARGET = 16.0;
				MTL_ENABLE_DEBUG_INFO = INCLUDE_SOURCE;
				MTL_FAST_MATH = YES;
				ONLY_ACTIVE_ARCH = YES;
				SDKROOT = iphoneos;
				SWIFT_ACTIVE_COMPILATION_CONDITIONS = DEBUG;
				SWIFT_OPTIMIZATION_LEVEL = "-Onone";
			};
			name = Debug;
		};
		EEAE6C8F293CFF8500A9FB9C /* Release */ = {
			isa = XCBuildConfiguration;
			buildSettings = {
				ALWAYS_SEARCH_USER_PATHS = NO;
				CLANG_ANALYZER_NONNULL = YES;
				CLANG_ANALYZER_NUMBER_OBJECT_CONVERSION = YES_AGGRESSIVE;
				CLANG_CXX_LANGUAGE_STANDARD = "gnu++20";
				CLANG_ENABLE_MODULES = YES;
				CLANG_ENABLE_OBJC_ARC = YES;
				CLANG_ENABLE_OBJC_WEAK = YES;
				CLANG_WARN_BLOCK_CAPTURE_AUTORELEASING = YES;
				CLANG_WARN_BOOL_CONVERSION = YES;
				CLANG_WARN_COMMA = YES;
				CLANG_WARN_CONSTANT_CONVERSION = YES;
				CLANG_WARN_DEPRECATED_OBJC_IMPLEMENTATIONS = YES;
				CLANG_WARN_DIRECT_OBJC_ISA_USAGE = YES_ERROR;
				CLANG_WARN_DOCUMENTATION_COMMENTS = YES;
				CLANG_WARN_EMPTY_BODY = YES;
				CLANG_WARN_ENUM_CONVERSION = YES;
				CLANG_WARN_INFINITE_RECURSION = YES;
				CLANG_WARN_INT_CONVERSION = YES;
				CLANG_WARN_NON_LITERAL_NULL_CONVERSION = YES;
				CLANG_WARN_OBJC_IMPLICIT_RETAIN_SELF = YES;
				CLANG_WARN_OBJC_LITERAL_CONVERSION = YES;
				CLANG_WARN_OBJC_ROOT_CLASS = YES_ERROR;
				CLANG_WARN_QUOTED_INCLUDE_IN_FRAMEWORK_HEADER = YES;
				CLANG_WARN_RANGE_LOOP_ANALYSIS = YES;
				CLANG_WARN_STRICT_PROTOTYPES = YES;
				CLANG_WARN_SUSPICIOUS_MOVE = YES;
				CLANG_WARN_UNGUARDED_AVAILABILITY = YES_AGGRESSIVE;
				CLANG_WARN_UNREACHABLE_CODE = YES;
				CLANG_WARN__DUPLICATE_METHOD_MATCH = YES;
				COPY_PHASE_STRIP = NO;
				DEBUG_INFORMATION_FORMAT = "dwarf-with-dsym";
				ENABLE_NS_ASSERTIONS = NO;
				ENABLE_STRICT_OBJC_MSGSEND = YES;
				GCC_C_LANGUAGE_STANDARD = gnu11;
				GCC_NO_COMMON_BLOCKS = YES;
				GCC_WARN_64_TO_32_BIT_CONVERSION = YES;
				GCC_WARN_ABOUT_RETURN_TYPE = YES_ERROR;
				GCC_WARN_UNDECLARED_SELECTOR = YES;
				GCC_WARN_UNINITIALIZED_AUTOS = YES_AGGRESSIVE;
				GCC_WARN_UNUSED_FUNCTION = YES;
				GCC_WARN_UNUSED_VARIABLE = YES;
				IPHONEOS_DEPLOYMENT_TARGET = 16.0;
				MTL_ENABLE_DEBUG_INFO = NO;
				MTL_FAST_MATH = YES;
				SDKROOT = iphoneos;
				SWIFT_COMPILATION_MODE = wholemodule;
				SWIFT_OPTIMIZATION_LEVEL = "-O";
				VALIDATE_PRODUCT = YES;
			};
			name = Release;
		};
		EEAE6C91293CFF8500A9FB9C /* Debug */ = {
			isa = XCBuildConfiguration;
			baseConfigurationReference = 8096EEEF1F70576707BA7468 /* Pods-Spotify.debug.xcconfig */;
			buildSettings = {
				ASSETCATALOG_COMPILER_APPICON_NAME = AppIcon;
				ASSETCATALOG_COMPILER_GLOBAL_ACCENT_COLOR_NAME = AccentColor;
				CODE_SIGN_STYLE = Automatic;
				CURRENT_PROJECT_VERSION = 1;
				DEVELOPMENT_TEAM = VZ5R657T48;
				GENERATE_INFOPLIST_FILE = YES;
				INFOPLIST_FILE = Spotify/Info.plist;
				INFOPLIST_KEY_UIApplicationSupportsIndirectInputEvents = YES;
				INFOPLIST_KEY_UILaunchStoryboardName = LaunchScreen;
				INFOPLIST_KEY_UISupportedInterfaceOrientations_iPad = "UIInterfaceOrientationPortrait UIInterfaceOrientationPortraitUpsideDown UIInterfaceOrientationLandscapeLeft UIInterfaceOrientationLandscapeRight";
				INFOPLIST_KEY_UISupportedInterfaceOrientations_iPhone = "UIInterfaceOrientationPortrait UIInterfaceOrientationLandscapeLeft UIInterfaceOrientationLandscapeRight";
				LD_RUNPATH_SEARCH_PATHS = (
					"$(inherited)",
					"@executable_path/Frameworks",
				);
				MARKETING_VERSION = 1.0;
				PRODUCT_BUNDLE_IDENTIFIER = AaronArcher.Spotify;
				PRODUCT_NAME = "$(TARGET_NAME)";
				SWIFT_EMIT_LOC_STRINGS = YES;
				SWIFT_VERSION = 5.0;
				TARGETED_DEVICE_FAMILY = "1,2";
			};
			name = Debug;
		};
		EEAE6C92293CFF8500A9FB9C /* Release */ = {
			isa = XCBuildConfiguration;
			baseConfigurationReference = 08366EF9F211973D78E38E8F /* Pods-Spotify.release.xcconfig */;
			buildSettings = {
				ASSETCATALOG_COMPILER_APPICON_NAME = AppIcon;
				ASSETCATALOG_COMPILER_GLOBAL_ACCENT_COLOR_NAME = AccentColor;
				CODE_SIGN_STYLE = Automatic;
				CURRENT_PROJECT_VERSION = 1;
				DEVELOPMENT_TEAM = VZ5R657T48;
				GENERATE_INFOPLIST_FILE = YES;
				INFOPLIST_FILE = Spotify/Info.plist;
				INFOPLIST_KEY_UIApplicationSupportsIndirectInputEvents = YES;
				INFOPLIST_KEY_UILaunchStoryboardName = LaunchScreen;
				INFOPLIST_KEY_UISupportedInterfaceOrientations_iPad = "UIInterfaceOrientationPortrait UIInterfaceOrientationPortraitUpsideDown UIInterfaceOrientationLandscapeLeft UIInterfaceOrientationLandscapeRight";
				INFOPLIST_KEY_UISupportedInterfaceOrientations_iPhone = "UIInterfaceOrientationPortrait UIInterfaceOrientationLandscapeLeft UIInterfaceOrientationLandscapeRight";
				LD_RUNPATH_SEARCH_PATHS = (
					"$(inherited)",
					"@executable_path/Frameworks",
				);
				MARKETING_VERSION = 1.0;
				PRODUCT_BUNDLE_IDENTIFIER = AaronArcher.Spotify;
				PRODUCT_NAME = "$(TARGET_NAME)";
				SWIFT_EMIT_LOC_STRINGS = YES;
				SWIFT_VERSION = 5.0;
				TARGETED_DEVICE_FAMILY = "1,2";
			};
			name = Release;
		};
/* End XCBuildConfiguration section */

/* Begin XCConfigurationList section */
		EEAE6C77293CFF8200A9FB9C /* Build configuration list for PBXProject "Spotify" */ = {
			isa = XCConfigurationList;
			buildConfigurations = (
				EEAE6C8E293CFF8500A9FB9C /* Debug */,
				EEAE6C8F293CFF8500A9FB9C /* Release */,
			);
			defaultConfigurationIsVisible = 0;
			defaultConfigurationName = Release;
		};
		EEAE6C90293CFF8500A9FB9C /* Build configuration list for PBXNativeTarget "Spotify" */ = {
			isa = XCConfigurationList;
			buildConfigurations = (
				EEAE6C91293CFF8500A9FB9C /* Debug */,
				EEAE6C92293CFF8500A9FB9C /* Release */,
			);
			defaultConfigurationIsVisible = 0;
			defaultConfigurationName = Release;
		};
/* End XCConfigurationList section */
	};
	rootObject = EEAE6C74293CFF8200A9FB9C /* Project object */;
}
